{
  "name": "core",
  "version": "1.0.0",
  "lockfileVersion": 3,
  "requires": true,
  "packages": {
    "": {
      "name": "core",
      "version": "1.0.0",
      "license": "ISC",
      "dependencies": {
        "svg": "file:../svg"
      },
      "devDependencies": {
        "mitt": "2.1"
      }
    },
    "../svg": {
      "version": "1.0.0",
      "license": "ISC",
      "dependencies": {
        "core": "file:../core",
        "fast-xml-parser": "^4.2.5"
      }
    },
    "node_modules/mitt": {
      "version": "2.1.0",
      "resolved": "https://registry.npmjs.org/mitt/-/mitt-2.1.0.tgz",
      "integrity": "sha512-ILj2TpLiysu2wkBbWjAmww7TkZb65aiQO+DkVdUTBpBXq+MHYiETENkKFMtsJZX1Lf4pe4QOrTSjIfUwN5lRdg==",
      "dev": true
    },
    "node_modules/svg": {
      "resolved": "../svg",
      "link": true
    }
  }
}
